// !$*UTF8*$!
{
	archiveVersion = 1;
	classes = {
	};
	objectVersion = 50;
	objects = {

/* Begin PBXBuildFile section */
		BF3AD2C322FB1167003881FB /* AppDelegate.swift in Sources */ = {isa = PBXBuildFile; fileRef = BF3AD2C222FB1167003881FB /* AppDelegate.swift */; };
		BF3AD2C522FB1167003881FB /* ViewController.swift in Sources */ = {isa = PBXBuildFile; fileRef = BF3AD2C422FB1167003881FB /* ViewController.swift */; };
		BF3AD2C822FB1167003881FB /* Main.storyboard in Resources */ = {isa = PBXBuildFile; fileRef = BF3AD2C622FB1167003881FB /* Main.storyboard */; };
		BF3AD2CD22FB1169003881FB /* LaunchScreen.storyboard in Resources */ = {isa = PBXBuildFile; fileRef = BF3AD2CB22FB1169003881FB /* LaunchScreen.storyboard */; };
		BF3AD2D822FB1169003881FB /* ToDoListTests.swift in Sources */ = {isa = PBXBuildFile; fileRef = BF3AD2D722FB1169003881FB /* ToDoListTests.swift */; };
		BF3AD2E322FB1169003881FB /* ToDoListUITests.swift in Sources */ = {isa = PBXBuildFile; fileRef = BF3AD2E222FB1169003881FB /* ToDoListUITests.swift */; };
		BF3AD2F122FB1378003881FB /* Asset.xcassets in Resources */ = {isa = PBXBuildFile; fileRef = BF3AD2F022FB1378003881FB /* Asset.xcassets */; };
		BF3AD2F322FB186F003881FB /* TodoItem.swift in Sources */ = {isa = PBXBuildFile; fileRef = BF3AD2F222FB186F003881FB /* TodoItem.swift */; };
		BF3AD2F522FB19BE003881FB /* TodoTableViewCell.swift in Sources */ = {isa = PBXBuildFile; fileRef = BF3AD2F422FB19BE003881FB /* TodoTableViewCell.swift */; };
/* End PBXBuildFile section */

/* Begin PBXContainerItemProxy section */
		BF3AD2D422FB1169003881FB /* PBXContainerItemProxy */ = {
			isa = PBXContainerItemProxy;
			containerPortal = BF3AD2B722FB1167003881FB /* Project object */;
			proxyType = 1;
			remoteGlobalIDString = BF3AD2BE22FB1167003881FB;
			remoteInfo = ToDoList;
		};
		BF3AD2DF22FB1169003881FB /* PBXContainerItemProxy */ = {
			isa = PBXContainerItemProxy;
			containerPortal = BF3AD2B722FB1167003881FB /* Project object */;
			proxyType = 1;
			remoteGlobalIDString = BF3AD2BE22FB1167003881FB;
			remoteInfo = ToDoList;
		};
/* End PBXContainerItemProxy section */

/* Begin PBXFileReference section */
		BF3AD2BF22FB1167003881FB /* ToDoList.app */ = {isa = PBXFileReference; explicitFileType = wrapper.application; includeInIndex = 0; path = ToDoList.app; sourceTree = BUILT_PRODUCTS_DIR; };
		BF3AD2C222FB1167003881FB /* AppDelegate.swift */ = {isa = PBXFileReference; lastKnownFileType = sourcecode.swift; path = AppDelegate.swift; sourceTree = "<group>"; };
		BF3AD2C422FB1167003881FB /* ViewController.swift */ = {isa = PBXFileReference; lastKnownFileType = sourcecode.swift; path = ViewController.swift; sourceTree = "<group>"; };
		BF3AD2C722FB1167003881FB /* Base */ = {isa = PBXFileReference; lastKnownFileType = file.storyboard; name = Base; path = Base.lproj/Main.storyboard; sourceTree = "<group>"; };
		BF3AD2CC22FB1169003881FB /* Base */ = {isa = PBXFileReference; lastKnownFileType = file.storyboard; name = Base; path = Base.lproj/LaunchScreen.storyboard; sourceTree = "<group>"; };
		BF3AD2CE22FB1169003881FB /* Info.plist */ = {isa = PBXFileReference; lastKnownFileType = text.plist.xml; path = Info.plist; sourceTree = "<group>"; };
		BF3AD2D322FB1169003881FB /* ToDoListTests.xctest */ = {isa = PBXFileReference; explicitFileType = wrapper.cfbundle; includeInIndex = 0; path = ToDoListTests.xctest; sourceTree = BUILT_PRODUCTS_DIR; };
		BF3AD2D722FB1169003881FB /* ToDoListTests.swift */ = {isa = PBXFileReference; lastKnownFileType = sourcecode.swift; path = ToDoListTests.swift; sourceTree = "<group>"; };
		BF3AD2D922FB1169003881FB /* Info.plist */ = {isa = PBXFileReference; lastKnownFileType = text.plist.xml; path = Info.plist; sourceTree = "<group>"; };
		BF3AD2DE22FB1169003881FB /* ToDoListUITests.xctest */ = {isa = PBXFileReference; explicitFileType = wrapper.cfbundle; includeInIndex = 0; path = ToDoListUITests.xctest; sourceTree = BUILT_PRODUCTS_DIR; };
		BF3AD2E222FB1169003881FB /* ToDoListUITests.swift */ = {isa = PBXFileReference; lastKnownFileType = sourcecode.swift; path = ToDoListUITests.swift; sourceTree = "<group>"; };
		BF3AD2E422FB1169003881FB /* Info.plist */ = {isa = PBXFileReference; lastKnownFileType = text.plist.xml; path = Info.plist; sourceTree = "<group>"; };
		BF3AD2F022FB1378003881FB /* Asset.xcassets */ = {isa = PBXFileReference; lastKnownFileType = folder.assetcatalog; path = Asset.xcassets; sourceTree = "<group>"; };
		BF3AD2F222FB186F003881FB /* TodoItem.swift */ = {isa = PBXFileReference; lastKnownFileType = sourcecode.swift; path = TodoItem.swift; sourceTree = "<group>"; };
		BF3AD2F422FB19BE003881FB /* TodoTableViewCell.swift */ = {isa = PBXFileReference; lastKnownFileType = sourcecode.swift; path = TodoTableViewCell.swift; sourceTree = "<group>"; };
/* End PBXFileReference section */

/* Begin PBXFrameworksBuildPhase section */
		BF3AD2BC22FB1167003881FB /* Frameworks */ = {
			isa = PBXFrameworksBuildPhase;
			buildActionMask = 2147483647;
			files = (
			);
			runOnlyForDeploymentPostprocessing = 0;
		};
		BF3AD2D022FB1169003881FB /* Frameworks */ = {
			isa = PBXFrameworksBuildPhase;
			buildActionMask = 2147483647;
			files = (
			);
			runOnlyForDeploymentPostprocessing = 0;
		};
		BF3AD2DB22FB1169003881FB /* Frameworks */ = {
			isa = PBXFrameworksBuildPhase;
			buildActionMask = 2147483647;
			files = (
			);
			runOnlyForDeploymentPostprocessing = 0;
		};
/* End PBXFrameworksBuildPhase section */

/* Begin PBXGroup section */
		BF3AD2B622FB1167003881FB = {
			isa = PBXGroup;
			children = (
				BF3AD2C122FB1167003881FB /* ToDoList */,
				BF3AD2D622FB1169003881FB /* ToDoListTests */,
				BF3AD2E122FB1169003881FB /* ToDoListUITests */,
				BF3AD2C022FB1167003881FB /* Products */,
			);
			sourceTree = "<group>";
		};
		BF3AD2C022FB1167003881FB /* Products */ = {
			isa = PBXGroup;
			children = (
				BF3AD2BF22FB1167003881FB /* ToDoList.app */,
				BF3AD2D322FB1169003881FB /* ToDoListTests.xctest */,
				BF3AD2DE22FB1169003881FB /* ToDoListUITests.xctest */,
			);
			name = Products;
			sourceTree = "<group>";
		};
		BF3AD2C122FB1167003881FB /* ToDoList */ = {
			isa = PBXGroup;
			children = (
				BF3AD2C222FB1167003881FB /* AppDelegate.swift */,
				BF3AD2C422FB1167003881FB /* ViewController.swift */,
				BF3AD2F222FB186F003881FB /* TodoItem.swift */,
				BF3AD2C622FB1167003881FB /* Main.storyboard */,
				BF3AD2CB22FB1169003881FB /* LaunchScreen.storyboard */,
				BF3AD2CE22FB1169003881FB /* Info.plist */,
				BF3AD2F022FB1378003881FB /* Asset.xcassets */,
				BF3AD2F422FB19BE003881FB /* TodoTableViewCell.swift */,
			);
			path = ToDoList;
			sourceTree = "<group>";
		};
		BF3AD2D622FB1169003881FB /* ToDoListTests */ = {
			isa = PBXGroup;
			children = (
				BF3AD2D722FB1169003881FB /* ToDoListTests.swift */,
				BF3AD2D922FB1169003881FB /* Info.plist */,
			);
			path = ToDoListTests;
			sourceTree = "<group>";
		};
		BF3AD2E122FB1169003881FB /* ToDoListUITests */ = {
			isa = PBXGroup;
			children = (
				BF3AD2E222FB1169003881FB /* ToDoListUITests.swift */,
				BF3AD2E422FB1169003881FB /* Info.plist */,
			);
			path = ToDoListUITests;
			sourceTree = "<group>";
		};
/* End PBXGroup section */

/* Begin PBXNativeTarget section */
		BF3AD2BE22FB1167003881FB /* ToDoList */ = {
			isa = PBXNativeTarget;
			buildConfigurationList = BF3AD2E722FB1169003881FB /* Build configuration list for PBXNativeTarget "ToDoList" */;
			buildPhases = (
				BF3AD2BB22FB1167003881FB /* Sources */,
				BF3AD2BC22FB1167003881FB /* Frameworks */,
				BF3AD2BD22FB1167003881FB /* Resources */,
			);
			buildRules = (
			);
			dependencies = (
			);
			name = ToDoList;
			productName = ToDoList;
			productReference = BF3AD2BF22FB1167003881FB /* ToDoList.app */;
			productType = "com.apple.product-type.application";
		};
		BF3AD2D222FB1169003881FB /* ToDoListTests */ = {
			isa = PBXNativeTarget;
			buildConfigurationList = BF3AD2EA22FB1169003881FB /* Build configuration list for PBXNativeTarget "ToDoListTests" */;
			buildPhases = (
				BF3AD2CF22FB1169003881FB /* Sources */,
				BF3AD2D022FB1169003881FB /* Frameworks */,
				BF3AD2D122FB1169003881FB /* Resources */,
			);
			buildRules = (
			);
			dependencies = (
				BF3AD2D522FB1169003881FB /* PBXTargetDependency */,
			);
			name = ToDoListTests;
			productName = ToDoListTests;
			productReference = BF3AD2D322FB1169003881FB /* ToDoListTests.xctest */;
			productType = "com.apple.product-type.bundle.unit-test";
		};
		BF3AD2DD22FB1169003881FB /* ToDoListUITests */ = {
			isa = PBXNativeTarget;
			buildConfigurationList = BF3AD2ED22FB1169003881FB /* Build configuration list for PBXNativeTarget "ToDoListUITests" */;
			buildPhases = (
				BF3AD2DA22FB1169003881FB /* Sources */,
				BF3AD2DB22FB1169003881FB /* Frameworks */,
				BF3AD2DC22FB1169003881FB /* Resources */,
			);
			buildRules = (
			);
			dependencies = (
				BF3AD2E022FB1169003881FB /* PBXTargetDependency */,
			);
			name = ToDoListUITests;
			productName = ToDoListUITests;
			productReference = BF3AD2DE22FB1169003881FB /* ToDoListUITests.xctest */;
			productType = "com.apple.product-type.bundle.ui-testing";
		};
/* End PBXNativeTarget section */

/* Begin PBXProject section */
		BF3AD2B722FB1167003881FB /* Project object */ = {
			isa = PBXProject;
			attributes = {
				LastSwiftUpdateCheck = 1030;
				LastUpgradeCheck = 1030;
				ORGANIZATIONNAME = mrhangz;
				TargetAttributes = {
					BF3AD2BE22FB1167003881FB = {
						CreatedOnToolsVersion = 10.3;
					};
					BF3AD2D222FB1169003881FB = {
						CreatedOnToolsVersion = 10.3;
						TestTargetID = BF3AD2BE22FB1167003881FB;
					};
					BF3AD2DD22FB1169003881FB = {
						CreatedOnToolsVersion = 10.3;
						TestTargetID = BF3AD2BE22FB1167003881FB;
					};
				};
			};
			buildConfigurationList = BF3AD2BA22FB1167003881FB /* Build configuration list for PBXProject "ToDoList" */;
			compatibilityVersion = "Xcode 9.3";
			developmentRegion = en;
			hasScannedForEncodings = 0;
			knownRegions = (
				en,
				Base,
			);
			mainGroup = BF3AD2B622FB1167003881FB;
			productRefGroup = BF3AD2C022FB1167003881FB /* Products */;
			projectDirPath = "";
			projectRoot = "";
			targets = (
				BF3AD2BE22FB1167003881FB /* ToDoList */,
				BF3AD2D222FB1169003881FB /* ToDoListTests */,
				BF3AD2DD22FB1169003881FB /* ToDoListUITests */,
			);
		};
/* End PBXProject section */

/* Begin PBXResourcesBuildPhase section */
		BF3AD2BD22FB1167003881FB /* Resources */ = {
			isa = PBXResourcesBuildPhase;
			buildActionMask = 2147483647;
			files = (
				BF3AD2F122FB1378003881FB /* Asset.xcassets in Resources */,
				BF3AD2CD22FB1169003881FB /* LaunchScreen.storyboard in Resources */,
				BF3AD2C822FB1167003881FB /* Main.storyboard in Resources */,
			);
			runOnlyForDeploymentPostprocessing = 0;
		};
		BF3AD2D122FB1169003881FB /* Resources */ = {
			isa = PBXResourcesBuildPhase;
			buildActionMask = 2147483647;
			files = (
			);
			runOnlyForDeploymentPostprocessing = 0;
		};
		BF3AD2DC22FB1169003881FB /* Resources */ = {
			isa = PBXResourcesBuildPhase;
			buildActionMask = 2147483647;
			files = (
			);
			runOnlyForDeploymentPostprocessing = 0;
		};
/* End PBXResourcesBuildPhase section */

/* Begin PBXSourcesBuildPhase section */
		BF3AD2BB22FB1167003881FB /* Sources */ = {
			isa = PBXSourcesBuildPhase;
			buildActionMask = 2147483647;
			files = (
				BF3AD2C522FB1167003881FB /* ViewController.swift in Sources */,
				BF3AD2F322FB186F003881FB /* TodoItem.swift in Sources */,
				BF3AD2C322FB1167003881FB /* AppDelegate.swift in Sources */,
				BF3AD2F522FB19BE003881FB /* TodoTableViewCell.swift in Sources */,
			);
			runOnlyForDeploymentPostprocessing = 0;
		};
		BF3AD2CF22FB1169003881FB /* Sources */ = {
			isa = PBXSourcesBuildPhase;
			buildActionMask = 2147483647;
			files = (
				BF3AD2D822FB1169003881FB /* ToDoListTests.swift in Sources */,
			);
			runOnlyForDeploymentPostprocessing = 0;
		};
		BF3AD2DA22FB1169003881FB /* Sources */ = {
			isa = PBXSourcesBuildPhase;
			buildActionMask = 2147483647;
			files = (
				BF3AD2E322FB1169003881FB /* ToDoListUITests.swift in Sources */,
			);
			runOnlyForDeploymentPostprocessing = 0;
		};
/* End PBXSourcesBuildPhase section */

/* Begin PBXTargetDependency section */
		BF3AD2D522FB1169003881FB /* PBXTargetDependency */ = {
			isa = PBXTargetDependency;
			target = BF3AD2BE22FB1167003881FB /* ToDoList */;
			targetProxy = BF3AD2D422FB1169003881FB /* PBXContainerItemProxy */;
		};
		BF3AD2E022FB1169003881FB /* PBXTargetDependency */ = {
			isa = PBXTargetDependency;
			target = BF3AD2BE22FB1167003881FB /* ToDoList */;
			targetProxy = BF3AD2DF22FB1169003881FB /* PBXContainerItemProxy */;
		};
/* End PBXTargetDependency section */

/* Begin PBXVariantGroup section */
		BF3AD2C622FB1167003881FB /* Main.storyboard */ = {
			isa = PBXVariantGroup;
			children = (
				BF3AD2C722FB1167003881FB /* Base */,
			);
			name = Main.storyboard;
			sourceTree = "<group>";
		};
		BF3AD2CB22FB1169003881FB /* LaunchScreen.storyboard */ = {
			isa = PBXVariantGroup;
			children = (
				BF3AD2CC22FB1169003881FB /* Base */,
			);
			name = LaunchScreen.storyboard;
			sourceTree = "<group>";
		};
/* End PBXVariantGroup section */

/* Begin XCBuildConfiguration section */
		BF3AD2E522FB1169003881FB /* Debug */ = {
			isa = XCBuildConfiguration;
			buildSettings = {
				ALWAYS_SEARCH_USER_PATHS = NO;
				CLANG_ANALYZER_NONNULL = YES;
				CLANG_ANALYZER_NUMBER_OBJECT_CONVERSION = YES_AGGRESSIVE;
				CLANG_CXX_LANGUAGE_STANDARD = "gnu++14";
				CLANG_CXX_LIBRARY = "libc++";
				CLANG_ENABLE_MODULES = YES;
				CLANG_ENABLE_OBJC_ARC = YES;
				CLANG_ENABLE_OBJC_WEAK = YES;
				CLANG_WARN_BLOCK_CAPTURE_AUTORELEASING = YES;
				CLANG_WARN_BOOL_CONVERSION = YES;
				CLANG_WARN_COMMA = YES;
				CLANG_WARN_CONSTANT_CONVERSION = YES;
				CLANG_WARN_DEPRECATED_OBJC_IMPLEMENTATIONS = YES;
				CLANG_WARN_DIRECT_OBJC_ISA_USAGE = YES_ERROR;
				CLANG_WARN_DOCUMENTATION_COMMENTS = YES;
				CLANG_WARN_EMPTY_BODY = YES;
				CLANG_WARN_ENUM_CONVERSION = YES;
				CLANG_WARN_INFINITE_RECURSION = YES;
				CLANG_WARN_INT_CONVERSION = YES;
				CLANG_WARN_NON_LITERAL_NULL_CONVERSION = YES;
				CLANG_WARN_OBJC_IMPLICIT_RETAIN_SELF = YES;
				CLANG_WARN_OBJC_LITERAL_CONVERSION = YES;
				CLANG_WARN_OBJC_ROOT_CLASS = YES_ERROR;
				CLANG_WARN_RANGE_LOOP_ANALYSIS = YES;
				CLANG_WARN_STRICT_PROTOTYPES = YES;
				CLANG_WARN_SUSPICIOUS_MOVE = YES;
				CLANG_WARN_UNGUARDED_AVAILABILITY = YES_AGGRESSIVE;
				CLANG_WARN_UNREACHABLE_CODE = YES;
				CLANG_WARN__DUPLICATE_METHOD_MATCH = YES;
				CODE_SIGN_IDENTITY = "iPhone Developer";
				COPY_PHASE_STRIP = NO;
				DEBUG_INFORMATION_FORMAT = dwarf;
				ENABLE_STRICT_OBJC_MSGSEND = YES;
				ENABLE_TESTABILITY = YES;
				GCC_C_LANGUAGE_STANDARD = gnu11;
				GCC_DYNAMIC_NO_PIC = NO;
				GCC_NO_COMMON_BLOCKS = YES;
				GCC_OPTIMIZATION_LEVEL = 0;
				GCC_PREPROCESSOR_DEFINITIONS = (
					"DEBUG=1",
					"$(inherited)",
				);
				GCC_WARN_64_TO_32_BIT_CONVERSION = YES;
				GCC_WARN_ABOUT_RETURN_TYPE = YES_ERROR;
				GCC_WARN_UNDECLARED_SELECTOR = YES;
				GCC_WARN_UNINITIALIZED_AUTOS = YES_AGGRESSIVE;
				GCC_WARN_UNUSED_FUNCTION = YES;
				GCC_WARN_UNUSED_VARIABLE = YES;
				IPHONEOS_DEPLOYMENT_TARGET = 12.4;
				MTL_ENABLE_DEBUG_INFO = INCLUDE_SOURCE;
				MTL_FAST_MATH = YES;
				ONLY_ACTIVE_ARCH = YES;
				SDKROOT = iphoneos;
				SWIFT_ACTIVE_COMPILATION_CONDITIONS = DEBUG;
				SWIFT_OPTIMIZATION_LEVEL = "-Onone";
			};
			name = Debug;
		};
		BF3AD2E622FB1169003881FB /* Release */ = {
			isa = XCBuildConfiguration;
			buildSettings = {
				ALWAYS_SEARCH_USER_PATHS = NO;
				CLANG_ANALYZER_NONNULL = YES;
				CLANG_ANALYZER_NUMBER_OBJECT_CONVERSION = YES_AGGRESSIVE;
				CLANG_CXX_LANGUAGE_STANDARD = "gnu++14";
				CLANG_CXX_LIBRARY = "libc++";
				CLANG_ENABLE_MODULES = YES;
				CLANG_ENABLE_OBJC_ARC = YES;
				CLANG_ENABLE_OBJC_WEAK = YES;
				CLANG_WARN_BLOCK_CAPTURE_AUTORELEASING = YES;
				CLANG_WARN_BOOL_CONVERSION = YES;
				CLANG_WARN_COMMA = YES;
				CLANG_WARN_CONSTANT_CONVERSION = YES;
				CLANG_WARN_DEPRECATED_OBJC_IMPLEMENTATIONS = YES;
				CLANG_WARN_DIRECT_OBJC_ISA_USAGE = YES_ERROR;
				CLANG_WARN_DOCUMENTATION_COMMENTS = YES;
				CLANG_WARN_EMPTY_BODY = YES;
				CLANG_WARN_ENUM_CONVERSION = YES;
				CLANG_WARN_INFINITE_RECURSION = YES;
				CLANG_WARN_INT_CONVERSION = YES;
				CLANG_WARN_NON_LITERAL_NULL_CONVERSION = YES;
				CLANG_WARN_OBJC_IMPLICIT_RETAIN_SELF = YES;
				CLANG_WARN_OBJC_LITERAL_CONVERSION = YES;
				CLANG_WARN_OBJC_ROOT_CLASS = YES_ERROR;
				CLANG_WARN_RANGE_LOOP_ANALYSIS = YES;
				CLANG_WARN_STRICT_PROTOTYPES = YES;
				CLANG_WARN_SUSPICIOUS_MOVE = YES;
				CLANG_WARN_UNGUARDED_AVAILABILITY = YES_AGGRESSIVE;
				CLANG_WARN_UNREACHABLE_CODE = YES;
				CLANG_WARN__DUPLICATE_METHOD_MATCH = YES;
				CODE_SIGN_IDENTITY = "iPhone Developer";
				COPY_PHASE_STRIP = NO;
				DEBUG_INFORMATION_FORMAT = "dwarf-with-dsym";
				ENABLE_NS_ASSERTIONS = NO;
				ENABLE_STRICT_OBJC_MSGSEND = YES;
				GCC_C_LANGUAGE_STANDARD = gnu11;
				GCC_NO_COMMON_BLOCKS = YES;
				GCC_WARN_64_TO_32_BIT_CONVERSION = YES;
				GCC_WARN_ABOUT_RETURN_TYPE = YES_ERROR;
				GCC_WARN_UNDECLARED_SELECTOR = YES;
				GCC_WARN_UNINITIALIZED_AUTOS = YES_AGGRESSIVE;
				GCC_WARN_UNUSED_FUNCTION = YES;
				GCC_WARN_UNUSED_VARIABLE = YES;
				IPHONEOS_DEPLOYMENT_TARGET = 12.4;
				MTL_ENABLE_DEBUG_INFO = NO;
				MTL_FAST_MATH = YES;
				SDKROOT = iphoneos;
				SWIFT_COMPILATION_MODE = wholemodule;
				SWIFT_OPTIMIZATION_LEVEL = "-O";
				VALIDATE_PRODUCT = YES;
			};
			name = Release;
		};
		BF3AD2E822FB1169003881FB /* Debug */ = {
			isa = XCBuildConfiguration;
			buildSettings = {
				ASSETCATALOG_COMPILER_APPICON_NAME = AppIcon;
				CODE_SIGN_STYLE = Automatic;
				DEVELOPMENT_TEAM = KWT52B2348;
				INFOPLIST_FILE = ToDoList/Info.plist;
				LD_RUNPATH_SEARCH_PATHS = (
					"$(inherited)",
					"@executable_path/Frameworks",
				);
				PRODUCT_BUNDLE_IDENTIFIER = com.mrhangz.ToDoList;
				PRODUCT_NAME = "$(TARGET_NAME)";
				SWIFT_VERSION = 5.0;
				TARGETED_DEVICE_FAMILY = "1,2";
			};
			name = Debug;
		};
		BF3AD2E922FB1169003881FB /* Release */ = {
			isa = XCBuildConfiguration;
			buildSettings = {
				ASSETCATALOG_COMPILER_APPICON_NAME = AppIcon;
				CODE_SIGN_STYLE = Automatic;
				DEVELOPMENT_TEAM = KWT52B2348;
				INFOPLIST_FILE = ToDoList/Info.plist;
				LD_RUNPATH_SEARCH_PATHS = (
					"$(inherited)",
					"@executable_path/Frameworks",
				);
				PRODUCT_BUNDLE_IDENTIFIER = com.mrhangz.ToDoList;
				PRODUCT_NAME = "$(TARGET_NAME)";
				SWIFT_VERSION = 5.0;
				TARGETED_DEVICE_FAMILY = "1,2";
			};
			name = Release;
		};
		BF3AD2EB22FB1169003881FB /* Debug */ = {
			isa = XCBuildConfiguration;
			buildSettings = {
				ALWAYS_EMBED_SWIFT_STANDARD_LIBRARIES = YES;
				BUNDLE_LOADER = "$(TEST_HOST)";
				CODE_SIGN_STYLE = Automatic;
				DEVELOPMENT_TEAM = KWT52B2348;
				INFOPLIST_FILE = ToDoListTests/Info.plist;
				LD_RUNPATH_SEARCH_PATHS = (
					"$(inherited)",
					"@executable_path/Frameworks",
					"@loader_path/Frameworks",
				);
				PRODUCT_BUNDLE_IDENTIFIER = com.mrhangz.ToDoListTests;
				PRODUCT_NAME = "$(TARGET_NAME)";
				SWIFT_VERSION = 5.0;
				TARGETED_DEVICE_FAMILY = "1,2";
				TEST_HOST = "$(BUILT_PRODUCTS_DIR)/ToDoList.app/ToDoList";
			};
			name = Debug;
		};
		BF3AD2EC22FB1169003881FB /* Release */ = {
			isa = XCBuildConfiguration;
			buildSettings = {
				ALWAYS_EMBED_SWIFT_STANDARD_LIBRARIES = YES;
				BUNDLE_LOADER = "$(TEST_HOST)";
				CODE_SIGN_STYLE = Automatic;
				DEVELOPMENT_TEAM = KWT52B2348;
				INFOPLIST_FILE = ToDoListTests/Info.plist;
				LD_RUNPATH_SEARCH_PATHS = (
					"$(inherited)",
					"@executable_path/Frameworks",
					"@loader_path/Frameworks",
				);
				PRODUCT_BUNDLE_IDENTIFIER = com.mrhangz.ToDoListTests;
				PRODUCT_NAME = "$(TARGET_NAME)";
				SWIFT_VERSION = 5.0;
				TARGETED_DEVICE_FAMILY = "1,2";
				TEST_HOST = "$(BUILT_PRODUCTS_DIR)/ToDoList.app/ToDoList";
			};
			name = Release;
		};
		BF3AD2EE22FB1169003881FB /* Debug */ = {
			isa = XCBuildConfiguration;
			buildSettings = {
				ALWAYS_EMBED_SWIFT_STANDARD_LIBRARIES = YES;
				CODE_SIGN_STYLE = Automatic;
				DEVELOPMENT_TEAM = KWT52B2348;
				INFOPLIST_FILE = ToDoListUITests/Info.plist;
				LD_RUNPATH_SEARCH_PATHS = (
					"$(inherited)",
					"@executable_path/Frameworks",
					"@loader_path/Frameworks",
				);
				PRODUCT_BUNDLE_IDENTIFIER = com.mrhangz.ToDoListUITests;
				PRODUCT_NAME = "$(TARGET_NAME)";
				SWIFT_VERSION = 5.0;
				TARGETED_DEVICE_FAMILY = "1,2";
				TEST_TARGET_NAME = ToDoList;
			};
			name = Debug;
		};
		BF3AD2EF22FB1169003881FB /* Release */ = {
			isa = XCBuildConfiguration;
			buildSettings = {
				ALWAYS_EMBED_SWIFT_STANDARD_LIBRARIES = YES;
				CODE_SIGN_STYLE = Automatic;
				DEVELOPMENT_TEAM = KWT52B2348;
				INFOPLIST_FILE = ToDoListUITests/Info.plist;
				LD_RUNPATH_SEARCH_PATHS = (
					"$(inherited)",
					"@executable_path/Frameworks",
					"@loader_path/Frameworks",
				);
				PRODUCT_BUNDLE_IDENTIFIER = com.mrhangz.ToDoListUITests;
				PRODUCT_NAME = "$(TARGET_NAME)";
				SWIFT_VERSION = 5.0;
				TARGETED_DEVICE_FAMILY = "1,2";
				TEST_TARGET_NAME = ToDoList;
			};
			name = Release;
		};
/* End XCBuildConfiguration section */

/* Begin XCConfigurationList section */
		BF3AD2BA22FB1167003881FB /* Build configuration list for PBXProject "ToDoList" */ = {
			isa = XCConfigurationList;
			buildConfigurations = (
				BF3AD2E522FB1169003881FB /* Debug */,
				BF3AD2E622FB1169003881FB /* Release */,
			);
			defaultConfigurationIsVisible = 0;
			defaultConfigurationName = Release;
		};
		BF3AD2E722FB1169003881FB /* Build configuration list for PBXNativeTarget "ToDoList" */ = {
			isa = XCConfigurationList;
			buildConfigurations = (
				BF3AD2E822FB1169003881FB /* Debug */,
				BF3AD2E922FB1169003881FB /* Release */,
			);
			defaultConfigurationIsVisible = 0;
			defaultConfigurationName = Release;
		};
		BF3AD2EA22FB1169003881FB /* Build configuration list for PBXNativeTarget "ToDoListTests" */ = {
			isa = XCConfigurationList;
			buildConfigurations = (
				BF3AD2EB22FB1169003881FB /* Debug */,
				BF3AD2EC22FB1169003881FB /* Release */,
			);
			defaultConfigurationIsVisible = 0;
			defaultConfigurationName = Release;
		};
		BF3AD2ED22FB1169003881FB /* Build configuration list for PBXNativeTarget "ToDoListUITests" */ = {
			isa = XCConfigurationList;
			buildConfigurations = (
				BF3AD2EE22FB1169003881FB /* Debug */,
				BF3AD2EF22FB1169003881FB /* Release */,
			);
			defaultConfigurationIsVisible = 0;
			defaultConfigurationName = Release;
		};
/* End XCConfigurationList section */
	};
	rootObject = BF3AD2B722FB1167003881FB /* Project object */;
}
